NeoBundleLock gist-vim ea7dc962c5c2ac2a1c4adc94d54cac190d713648
NeoBundleLock jedi-vim bcf24529faa5979e0d67b62673429f9978c2357b
NeoBundleLock neobundle.vim b8faeb84baccc335f67f59672d7323ec5d14a997
NeoBundleLock neomru.vim a52b644475156d397117b2e7920849fb9f1c8901
NeoBundleLock neosnippet.vim 1617094a8c9df36d9a505f533b3a2efa44039412
NeoBundleLock unite.vim d24ab928ba281b40cb913c17bd3190238a7f36f9
NeoBundleLock vim-flake8 21bc78d9a3a17653dd5ea1f6a6c92445d23b215b
NeoBundleLock vim-powerline 114f8e5c204f1cac9b2443065910fa182de39fb8
NeoBundleLock vimproc.vim 9b9a684fdc034a899cfefa7b93ab881f550975e8
NeoBundleLock vimshell a1f9a2010bea4b109341f1e2411a32839a8547b3
NeoBundleLock webapi-vim 6d577e49aeb81b4ede280161ca1e550c9328d098
