NeoBundleLock gist-vim 88c331e2e07765090112a396e5e119b39b5aa754
NeoBundleLock jedi-vim 625c568b1249db8c5f1b06a1f9371c06ba2d08b5
NeoBundleLock neobundle.vim cfbbde55a6b64251a7edec37f114bde614113613
NeoBundleLock neomru.vim 53c01b96f1578c2482ad0806990a55840e48f917
NeoBundleLock nerdtree 4ebbb533c3faf2c480211db2b547972bb3b60f2b
NeoBundleLock unite.vim f5c41c01eedb580aeba0339817d2eaaf83d10daf
NeoBundleLock vim-airline 8c080fdf80186b901cd1b04bac7a4698e53264f4
NeoBundleLock vim-flake8 21bc78d9a3a17653dd5ea1f6a6c92445d23b215b
NeoBundleLock vimproc.vim 78cbb5c683026085de133f160929ccc56a6b203a
NeoBundleLock webapi-vim 5726e8270e2a774c7200ca79868b4128c0c57ad7
